
Microsoft Visual Studio Solution File, Format Version 12.00
# Visual Studio 2013
VisualStudioVersion = 12.0.30723.0
MinimumVisualStudioVersion = 10.0.40219.1
Project("{FAE04EC0-301F-11D3-BF4B-00C04F79EFBC}") = "Bindery", "Bindery\Bindery.csproj", "{247E6F34-EED2-46CA-8C86-7CB73B7296CD}"
EndProject
Project("{FAE04EC0-301F-11D3-BF4B-00C04F79EFBC}") = "Bindery.Test", "Bindery.Test\Bindery.Test.csproj", "{9F3C0707-3869-4EEE-8310-11E29702E2F7}"
EndProject
Global
	GlobalSection(SolutionConfigurationPlatforms) = preSolution
		Debug|Any CPU = Debug|Any CPU
		Release|Any CPU = Release|Any CPU
	EndGlobalSection
	GlobalSection(ProjectConfigurationPlatforms) = postSolution
		{247E6F34-EED2-46CA-8C86-7CB73B7296CD}.Debug|Any CPU.ActiveCfg = Debug|Any CPU
		{247E6F34-EED2-46CA-8C86-7CB73B7296CD}.Debug|Any CPU.Build.0 = Debug|Any CPU
		{247E6F34-EED2-46CA-8C86-7CB73B7296CD}.Release|Any CPU.ActiveCfg = Release|Any CPU
		{247E6F34-EED2-46CA-8C86-7CB73B7296CD}.Release|Any CPU.Build.0 = Release|Any CPU
		{9F3C0707-3869-4EEE-8310-11E29702E2F7}.Debug|Any CPU.ActiveCfg = Debug|Any CPU
		{9F3C0707-3869-4EEE-8310-11E29702E2F7}.Debug|Any CPU.Build.0 = Debug|Any CPU
		{9F3C0707-3869-4EEE-8310-11E29702E2F7}.Release|Any CPU.ActiveCfg = Release|Any CPU
		{9F3C0707-3869-4EEE-8310-11E29702E2F7}.Release|Any CPU.Build.0 = Release|Any CPU
	EndGlobalSection
	GlobalSection(SolutionProperties) = preSolution
		HideSolutionNode = FALSE
	EndGlobalSection
EndGlobal
